
Microsoft Visual Studio Solution File, Format Version 12.00
Project("{FAE04EC0-301F-11D3-BF4B-00C04F79EFBC}") = "Bus", "Bus\Bus.csproj", "{175AB673-4867-4426-8410-B27FCF1C2378}"
EndProject
Global
	GlobalSection(SolutionConfigurationPlatforms) = preSolution
		Debug|Any CPU = Debug|Any CPU
		Release|Any CPU = Release|Any CPU
	EndGlobalSection
	GlobalSection(ProjectConfigurationPlatforms) = postSolution
		{175AB673-4867-4426-8410-B27FCF1C2378}.Debug|Any CPU.ActiveCfg = Debug|Any CPU
		{175AB673-4867-4426-8410-B27FCF1C2378}.Debug|Any CPU.Build.0 = Debug|Any CPU
		{175AB673-4867-4426-8410-B27FCF1C2378}.Release|Any CPU.ActiveCfg = Release|Any CPU
		{175AB673-4867-4426-8410-B27FCF1C2378}.Release|Any CPU.Build.0 = Release|Any CPU
	EndGlobalSection
EndGlobal
